
Microsoft Visual Studio Solution File, Format Version 12.00
# Visual Studio Version 17
VisualStudioVersion = 17.9.34723.18
MinimumVisualStudioVersion = 10.0.40219.1
Project("{FAE04EC0-301F-11D3-BF4B-00C04F79EFBC}") = "GUI", "GUI\GUI.csproj", "{228EEED1-C415-4F37-8F02-C53C820FE7B2}"
EndProject
Project("{FAE04EC0-301F-11D3-BF4B-00C04F79EFBC}") = "DAL", "DAL\DAL.csproj", "{0DBC72A1-5358-4DB4-B965-D81CB29A3BDF}"
EndProject
Project("{FAE04EC0-301F-11D3-BF4B-00C04F79EFBC}") = "DTO", "DTO\DTO.csproj", "{1B9F9B0C-9148-4652-AB5D-40CD30C41734}"
EndProject
Project("{FAE04EC0-301F-11D3-BF4B-00C04F79EFBC}") = "BLL", "BLL\BLL.csproj", "{B0E4ABF1-1CAA-4DC0-AC70-36BB61BFACA6}"
EndProject
Global
	GlobalSection(SolutionConfigurationPlatforms) = preSolution
		Debug|Any CPU = Debug|Any CPU
		Release|Any CPU = Release|Any CPU
	EndGlobalSection
	GlobalSection(ProjectConfigurationPlatforms) = postSolution
		{228EEED1-C415-4F37-8F02-C53C820FE7B2}.Debug|Any CPU.ActiveCfg = Debug|Any CPU
		{228EEED1-C415-4F37-8F02-C53C820FE7B2}.Debug|Any CPU.Build.0 = Debug|Any CPU
		{228EEED1-C415-4F37-8F02-C53C820FE7B2}.Release|Any CPU.ActiveCfg = Release|Any CPU
		{228EEED1-C415-4F37-8F02-C53C820FE7B2}.Release|Any CPU.Build.0 = Release|Any CPU
		{0DBC72A1-5358-4DB4-B965-D81CB29A3BDF}.Debug|Any CPU.ActiveCfg = Debug|Any CPU
		{0DBC72A1-5358-4DB4-B965-D81CB29A3BDF}.Debug|Any CPU.Build.0 = Debug|Any CPU
		{0DBC72A1-5358-4DB4-B965-D81CB29A3BDF}.Release|Any CPU.ActiveCfg = Release|Any CPU
		{0DBC72A1-5358-4DB4-B965-D81CB29A3BDF}.Release|Any CPU.Build.0 = Release|Any CPU
		{1B9F9B0C-9148-4652-AB5D-40CD30C41734}.Debug|Any CPU.ActiveCfg = Debug|Any CPU
		{1B9F9B0C-9148-4652-AB5D-40CD30C41734}.Debug|Any CPU.Build.0 = Debug|Any CPU
		{1B9F9B0C-9148-4652-AB5D-40CD30C41734}.Release|Any CPU.ActiveCfg = Release|Any CPU
		{1B9F9B0C-9148-4652-AB5D-40CD30C41734}.Release|Any CPU.Build.0 = Release|Any CPU
		{B0E4ABF1-1CAA-4DC0-AC70-36BB61BFACA6}.Debug|Any CPU.ActiveCfg = Debug|Any CPU
		{B0E4ABF1-1CAA-4DC0-AC70-36BB61BFACA6}.Debug|Any CPU.Build.0 = Debug|Any CPU
		{B0E4ABF1-1CAA-4DC0-AC70-36BB61BFACA6}.Release|Any CPU.ActiveCfg = Release|Any CPU
		{B0E4ABF1-1CAA-4DC0-AC70-36BB61BFACA6}.Release|Any CPU.Build.0 = Release|Any CPU
	EndGlobalSection
	GlobalSection(SolutionProperties) = preSolution
		HideSolutionNode = FALSE
	EndGlobalSection
	GlobalSection(ExtensibilityGlobals) = postSolution
		SolutionGuid = {BBE0CC12-E09C-4800-98AA-E40C676AF4CC}
	EndGlobalSection
EndGlobal
